{
  "version": 4,
  "terraform_version": "0.12.13",
  "serial": 6,
  "lineage": "24959f3b-bb8d-8180-a2d0-f99debe5b3f1",
  "outputs": {},
  "resources": [
    {
      "module": "module.basic_ecs",
      "mode": "managed",
      "type": "flexibleengine_blockstorage_volume_v2",
      "name": "instance_sysvol",
      "each": "list",
      "provider": "provider.flexibleengine",
      "instances": [
        {
          "index_key": 0,
          "schema_version": 0,
          "attributes": {
            "attachment": [],
            "availability_zone": "eu-west-0a",
            "cascade": false,
            "consistency_group_id": null,
            "description": "",
            "id": "f7f40df9-d96d-412c-b12b-e224c1aafebe",
            "image_id": "0249222b-c9be-419b-a953-f47e91c3fc81",
            "metadata": {},
            "multiattach": false,
            "name": "ecs-basic-sysvol",
            "region": "eu-west-0",
            "size": 40,
            "snapshot_id": "",
            "source_replica": null,
            "source_vol_id": "",
            "timeouts": null,
            "volume_type": "SATA"
          },
          "private": "eyJlMmJmYjczMC1lY2FhLTExZTYtOGY4OC0zNDM2M2JjN2M0YzAiOnsiY3JlYXRlIjo2MDAwMDAwMDAwMDAsImRlbGV0ZSI6NjAwMDAwMDAwMDAwfX0="
        }
      ]
    },
    {
      "module": "module.basic_ecs",
      "mode": "managed",
      "type": "flexibleengine_compute_instance_v2",
      "name": "instance",
      "each": "list",
      "provider": "provider.flexibleengine",
      "instances": [
        {
          "index_key": 0,
          "schema_version": 0,
          "attributes": {
            "access_ip_v4": "10.0.3.177",
            "access_ip_v6": "",
            "admin_pass": null,
            "all_metadata": {
              "Environment": "dev",
              "Name": "ecs-basic",
              "Terraform": "true"
            },
            "auto_recovery": false,
            "availability_zone": "eu-west-0a",
            "block_device": [
              {
                "boot_index": 0,
                "delete_on_termination": true,
                "destination_type": "volume",
                "device_name": "",
                "guest_format": "",
                "source_type": "volume",
                "uuid": "f7f40df9-d96d-412c-b12b-e224c1aafebe",
                "volume_size": 40,
                "volume_type": ""
              }
            ],
            "config_drive": null,
            "flavor_id": "t2.small",
            "flavor_name": "t2.small",
            "floating_ip": null,
            "id": "dc56449d-606d-4ed3-9a5d-ef59b9d51d5f",
            "image_id": "Attempt to boot from volume - no image supplied",
            "image_name": null,
            "key_pair": "KeyPair-aan",
            "metadata": {
              "Environment": "dev",
              "Name": "ecs-basic",
              "Terraform": "true"
            },
            "name": "ecs-basic",
            "network": [
              {
                "access_network": true,
                "fixed_ip_v4": "10.0.3.177",
                "fixed_ip_v6": "",
                "floating_ip": "",
                "mac": "fa:16:3e:e8:d8:b5",
                "name": "a83ebfce-fcc6-43b7-83e5-b9ff1c9bcc2e",
                "port": "80613951-763a-4b25-be72-4deeec95d957",
                "uuid": "b62d1753-6d60-4852-b7ca-2bb3903415fa"
              }
            ],
            "personality": [],
            "region": "eu-west-0",
            "scheduler_hints": [],
            "security_groups": [],
            "stop_before_destroy": false,
            "timeouts": null,
            "user_data": "da39a3ee5e6b4b0d3255bfef95601890afd80709",
            "volume": []
          },
          "private": "eyJlMmJmYjczMC1lY2FhLTExZTYtOGY4OC0zNDM2M2JjN2M0YzAiOnsiY3JlYXRlIjoxODAwMDAwMDAwMDAwLCJkZWxldGUiOjE4MDAwMDAwMDAwMDAsInVwZGF0ZSI6MTgwMDAwMDAwMDAwMH19",
          "depends_on": [
            "flexibleengine_blockstorage_volume_v2.instance_sysvol",
            "flexibleengine_networking_port_v2.instance_port"
          ]
        }
      ]
    },
    {
      "module": "module.basic_ecs",
      "mode": "managed",
      "type": "flexibleengine_dns_recordset_v2",
      "name": "recordset",
      "each": "list",
      "provider": "provider.flexibleengine",
      "instances": []
    },
    {
      "module": "module.basic_ecs",
      "mode": "managed",
      "type": "flexibleengine_networking_floatingip_v2",
      "name": "fip",
      "each": "list",
      "provider": "provider.flexibleengine",
      "instances": []
    },
    {
      "module": "module.basic_ecs",
      "mode": "managed",
      "type": "flexibleengine_networking_port_v2",
      "name": "instance_port",
      "each": "list",
      "provider": "provider.flexibleengine",
      "instances": [
        {
          "index_key": 0,
          "schema_version": 0,
          "attributes": {
            "admin_state_up": true,
            "all_fixed_ips": [
              "10.0.3.177"
            ],
            "allowed_address_pairs": [],
            "device_id": "",
            "device_owner": "",
            "fixed_ip": [
              {
                "ip_address": "",
                "subnet_id": "36a22527-2a13-4146-9cec-f2b4c6a8e3cc"
              }
            ],
            "id": "80613951-763a-4b25-be72-4deeec95d957",
            "mac_address": "fa:16:3e:e8:d8:b5",
            "name": "",
            "network_id": "b62d1753-6d60-4852-b7ca-2bb3903415fa",
            "region": "eu-west-0",
            "security_group_ids": [
              "87fa98e9-abef-46d4-9988-9cea43b12873"
            ],
            "tenant_id": "9556c437d0d54a72a7ac14356b64c9dd",
            "timeouts": null,
            "value_specs": null
          },
          "private": "eyJlMmJmYjczMC1lY2FhLTExZTYtOGY4OC0zNDM2M2JjN2M0YzAiOnsiY3JlYXRlIjo2MDAwMDAwMDAwMDAsImRlbGV0ZSI6NjAwMDAwMDAwMDAwfX0="
        }
      ]
    }
  ]
}
